
Microsoft Visual Studio Solution File, Format Version 12.00
# Visual Studio Version 17
VisualStudioVersion = 17.11.35222.181
MinimumVisualStudioVersion = 10.0.40219.1
Project("{FAE04EC0-301F-11D3-BF4B-00C04F79EFBC}") = "PracticaOOP", "PracticaOOP\PracticaOOP.csproj", "{95305573-56F6-44BE-83D3-197C421F58A6}"
EndProject
Project("{FAE04EC0-301F-11D3-BF4B-00C04F79EFBC}") = "PracticaSRP", "PracticaSRP\PracticaSRP.csproj", "{81DCB403-0931-4AFD-B503-B6D3B8B21927}"
EndProject
Project("{FAE04EC0-301F-11D3-BF4B-00C04F79EFBC}") = "PracticaOCP", "PracticaOCP\PracticaOCP.csproj", "{7CE433E4-7806-4E6E-A513-1B6B307B75D4}"
EndProject
Project("{FAE04EC0-301F-11D3-BF4B-00C04F79EFBC}") = "PracticaISP", "PracticaISP\PracticaISP.csproj", "{71062C3F-C59E-41DB-9018-07347AC859D4}"
EndProject
Project("{FAE04EC0-301F-11D3-BF4B-00C04F79EFBC}") = "PracticaLSP", "PracticaLSP\PracticaLSP.csproj", "{B20FDF80-EC5F-4D16-8E0F-9B800BAB9365}"
EndProject
Project("{FAE04EC0-301F-11D3-BF4B-00C04F79EFBC}") = "PracticaDI", "PracticaDI\PracticaDI.csproj", "{FA3ECD29-6BF3-4468-97B6-91049F7FF892}"
EndProject
Global
	GlobalSection(SolutionConfigurationPlatforms) = preSolution
		Debug|Any CPU = Debug|Any CPU
		Release|Any CPU = Release|Any CPU
	EndGlobalSection
	GlobalSection(ProjectConfigurationPlatforms) = postSolution
		{95305573-56F6-44BE-83D3-197C421F58A6}.Debug|Any CPU.ActiveCfg = Debug|Any CPU
		{95305573-56F6-44BE-83D3-197C421F58A6}.Debug|Any CPU.Build.0 = Debug|Any CPU
		{95305573-56F6-44BE-83D3-197C421F58A6}.Release|Any CPU.ActiveCfg = Release|Any CPU
		{95305573-56F6-44BE-83D3-197C421F58A6}.Release|Any CPU.Build.0 = Release|Any CPU
		{81DCB403-0931-4AFD-B503-B6D3B8B21927}.Debug|Any CPU.ActiveCfg = Debug|Any CPU
		{81DCB403-0931-4AFD-B503-B6D3B8B21927}.Debug|Any CPU.Build.0 = Debug|Any CPU
		{81DCB403-0931-4AFD-B503-B6D3B8B21927}.Release|Any CPU.ActiveCfg = Release|Any CPU
		{81DCB403-0931-4AFD-B503-B6D3B8B21927}.Release|Any CPU.Build.0 = Release|Any CPU
		{7CE433E4-7806-4E6E-A513-1B6B307B75D4}.Debug|Any CPU.ActiveCfg = Debug|Any CPU
		{7CE433E4-7806-4E6E-A513-1B6B307B75D4}.Debug|Any CPU.Build.0 = Debug|Any CPU
		{7CE433E4-7806-4E6E-A513-1B6B307B75D4}.Release|Any CPU.ActiveCfg = Release|Any CPU
		{7CE433E4-7806-4E6E-A513-1B6B307B75D4}.Release|Any CPU.Build.0 = Release|Any CPU
		{71062C3F-C59E-41DB-9018-07347AC859D4}.Debug|Any CPU.ActiveCfg = Debug|Any CPU
		{71062C3F-C59E-41DB-9018-07347AC859D4}.Debug|Any CPU.Build.0 = Debug|Any CPU
		{71062C3F-C59E-41DB-9018-07347AC859D4}.Release|Any CPU.ActiveCfg = Release|Any CPU
		{71062C3F-C59E-41DB-9018-07347AC859D4}.Release|Any CPU.Build.0 = Release|Any CPU
		{B20FDF80-EC5F-4D16-8E0F-9B800BAB9365}.Debug|Any CPU.ActiveCfg = Debug|Any CPU
		{B20FDF80-EC5F-4D16-8E0F-9B800BAB9365}.Debug|Any CPU.Build.0 = Debug|Any CPU
		{B20FDF80-EC5F-4D16-8E0F-9B800BAB9365}.Release|Any CPU.ActiveCfg = Release|Any CPU
		{B20FDF80-EC5F-4D16-8E0F-9B800BAB9365}.Release|Any CPU.Build.0 = Release|Any CPU
		{FA3ECD29-6BF3-4468-97B6-91049F7FF892}.Debug|Any CPU.ActiveCfg = Debug|Any CPU
		{FA3ECD29-6BF3-4468-97B6-91049F7FF892}.Debug|Any CPU.Build.0 = Debug|Any CPU
		{FA3ECD29-6BF3-4468-97B6-91049F7FF892}.Release|Any CPU.ActiveCfg = Release|Any CPU
		{FA3ECD29-6BF3-4468-97B6-91049F7FF892}.Release|Any CPU.Build.0 = Release|Any CPU
	EndGlobalSection
	GlobalSection(SolutionProperties) = preSolution
		HideSolutionNode = FALSE
	EndGlobalSection
	GlobalSection(ExtensibilityGlobals) = postSolution
		SolutionGuid = {D2E07C82-89B1-48EF-8B5B-CC7881C72DD5}
	EndGlobalSection
EndGlobal
